version = 1
revision = 3
requires-python = ">=3.14"

[[package]]
name = "dbus-fast"
version = "2.44.5"
source = { registry = "https://pypi.org/simple" }
sdist = { url = "https://files.pythonhosted.org/packages/1b/f9/3952e3514244417a33643087bc5dc134aff546606d5f66f796018cb7fdfc/dbus_fast-2.44.5.tar.gz", hash = "sha256:e9d738e3898e2d505d7f2d5d21949bd705d7cd3d7240dda5481bb1c5fd5e3da8", size = 72474, upload-time = "2025-10-04T20:05:34.741Z" }
wheels = [
    { url = "https://files.pythonhosted.org/packages/f3/7e/1a5c30ff3f37339afe9213eb49d16848d610ada6bee9363e06be0449a00f/dbus_fast-2.44.5-cp314-cp314-macosx_11_0_arm64.whl", hash = "sha256:db901e4edd3a89a7f2464be82f7993b36ca11b68ac78fa482e6d4787534584fd", size = 731741, upload-time = "2025-10-04T20:15:23.186Z" },
    { url = "https://files.pythonhosted.org/packages/22/b7/de79d48aee3e164121d4dd887b328ba8386d848c152bec1fd89fc55069ce/dbus_fast-2.44.5-cp314-cp314-manylinux2014_aarch64.manylinux_2_17_aarch64.manylinux_2_28_aarch64.whl", hash = "sha256:b9f49e3fe97a7de27b3bdb4d80b8bc40aa0827462988b790a9e007d40518b7e2", size = 879901, upload-time = "2025-10-04T20:15:25.218Z" },
    { url = "https://files.pythonhosted.org/packages/4e/ce/8fe1fcc0de1a80c58d2f09b5bf0ab201c2af577ec23a9ab78e8542a23814/dbus_fast-2.44.5-cp314-cp314-manylinux2014_x86_64.manylinux_2_17_x86_64.manylinux_2_28_x86_64.whl", hash = "sha256:b164214d2abc4b232c02100448bdf7a8858ac8da62c17cfe3ad54e05eae4b133", size = 951654, upload-time = "2025-10-04T20:15:27.513Z" },
    { url = "https://files.pythonhosted.org/packages/47/17/e689c631fac91616ae2dbf2097e03ba200975c4e3df983aaef02ca23413d/dbus_fast-2.44.5-cp314-cp314-musllinux_1_2_aarch64.whl", hash = "sha256:13ae2801d94bb782aad71c21542e90ba65bc86ccbcc365e52a473eba208aab54", size = 882964, upload-time = "2025-10-04T20:15:29.063Z" },
    { url = "https://files.pythonhosted.org/packages/8e/27/ea16587576621810ceb6c08a8533101993c4ad2ea5089d25acd807c03fd3/dbus_fast-2.44.5-cp314-cp314-musllinux_1_2_x86_64.whl", hash = "sha256:e3e24fd1fe09ddd87b6ce57fc99e9a95201ae4296d6518e3fb101df392e3dc85", size = 960017, upload-time = "2025-10-04T20:15:31.19Z" },
    { url = "https://files.pythonhosted.org/packages/05/e2/025522dcc748da1820a01e3c5127a6d8edfbd3582c36d981bb7f00e7dc8d/dbus_fast-2.44.5-cp314-cp314t-macosx_11_0_arm64.whl", hash = "sha256:b1e1434d56a06a623f37805b8c54dbccc852d4cf690b03cb4e2b29fca3401d48", size = 731743, upload-time = "2025-10-04T20:15:32.759Z" },
    { url = "https://files.pythonhosted.org/packages/f9/a5/b8f698a321546c9640206dd52e6233948adadc7672fe36d4028fffc7a4e7/dbus_fast-2.44.5-cp314-cp314t-manylinux2014_aarch64.manylinux_2_17_aarch64.manylinux_2_28_aarch64.whl", hash = "sha256:644a0ba6958550707ad56acd9654f1534fca16a6e1bf5f38f2f74a5370123584", size = 879903, upload-time = "2025-10-04T20:15:34.668Z" },
    { url = "https://files.pythonhosted.org/packages/39/f2/d86628f8ccde215ba592bad87318134a84675960fa9453a88846325e5fec/dbus_fast-2.44.5-cp314-cp314t-manylinux2014_x86_64.manylinux_2_17_x86_64.manylinux_2_28_x86_64.whl", hash = "sha256:ad9b36518984a363cfa5eacbd4a2a82ce35a0d4cfcb9e43980c8df3d742121e9", size = 951654, upload-time = "2025-10-04T20:15:36.521Z" },
    { url = "https://files.pythonhosted.org/packages/10/98/b13d391109a948e58074d59c28076ea0b8eb69884ffbab03cda98f6ace3d/dbus_fast-2.44.5-cp314-cp314t-musllinux_1_2_aarch64.whl", hash = "sha256:bdb8688394bb28b9535d38a1e7dfeed8143fd0ee09cb9aea07ff314fb5af55dc", size = 882967, upload-time = "2025-10-04T20:15:38.674Z" },
    { url = "https://files.pythonhosted.org/packages/cc/41/2d2baa32486a2f3f8248fbc855670caa861e66e017988c74a3f234664d3a/dbus_fast-2.44.5-cp314-cp314t-musllinux_1_2_x86_64.whl", hash = "sha256:2979c4b90596ddb72d2056de7cb47a2994143e805844732d96bcd882731b936b", size = 960019, upload-time = "2025-10-04T20:15:40.435Z" },
]

[[package]]
name = "i3ipc"
version = "2.2.1"
source = { registry = "https://pypi.org/simple" }
dependencies = [
    { name = "python-xlib" },
]
sdist = { url = "https://files.pythonhosted.org/packages/61/f3/dfab70c888d85d3e933ff4d6b351aaed0ae137a29c896e03e364de3bec94/i3ipc-2.2.1.tar.gz", hash = "sha256:e880d7d7147959ead5cb34764f08b97b41385b36eb8256e8af1ce163dbcccce8", size = 47760, upload-time = "2020-04-05T17:25:08.666Z" }
wheels = [
    { url = "https://files.pythonhosted.org/packages/de/30/294b07ddeccb58855c890c3ef3a951c3b0c1e2d089666d548b6a9edc39fb/i3ipc-2.2.1-py3-none-any.whl", hash = "sha256:c0b898223d50d42c90c818deb5033d1304c582755547dee7d15df3e3781bc690", size = 26591, upload-time = "2020-04-05T17:25:07.338Z" },
]

[[package]]
name = "psutil"
version = "7.1.1"
source = { registry = "https://pypi.org/simple" }
sdist = { url = "https://files.pythonhosted.org/packages/89/fc/889242351a932d6183eec5df1fc6539b6f36b6a88444f1e63f18668253aa/psutil-7.1.1.tar.gz", hash = "sha256:092b6350145007389c1cfe5716050f02030a05219d90057ea867d18fe8d372fc", size = 487067, upload-time = "2025-10-19T15:43:59.373Z" }
wheels = [
    { url = "https://files.pythonhosted.org/packages/51/30/f97f8fb1f9ecfbeae4b5ca738dcae66ab28323b5cfbc96cb5565f3754056/psutil-7.1.1-cp36-abi3-macosx_10_9_x86_64.whl", hash = "sha256:8fa59d7b1f01f0337f12cd10dbd76e4312a4d3c730a4fedcbdd4e5447a8b8460", size = 244221, upload-time = "2025-10-19T15:44:03.145Z" },
    { url = "https://files.pythonhosted.org/packages/7b/98/b8d1f61ebf35f4dbdbaabadf9208282d8adc820562f0257e5e6e79e67bf2/psutil-7.1.1-cp36-abi3-macosx_11_0_arm64.whl", hash = "sha256:2a95104eae85d088891716db676f780c1404fc15d47fde48a46a5d61e8f5ad2c", size = 245660, upload-time = "2025-10-19T15:44:05.657Z" },
    { url = "https://files.pythonhosted.org/packages/f0/4a/b8015d7357fefdfe34bc4a3db48a107bae4bad0b94fb6eb0613f09a08ada/psutil-7.1.1-cp36-abi3-manylinux_2_12_i686.manylinux2010_i686.manylinux_2_17_i686.manylinux2014_i686.whl", hash = "sha256:98629cd8567acefcc45afe2f4ba1e9290f579eacf490a917967decce4b74ee9b", size = 286963, upload-time = "2025-10-19T15:44:08.877Z" },
    { url = "https://files.pythonhosted.org/packages/3d/3c/b56076bb35303d0733fc47b110a1c9cce081a05ae2e886575a3587c1ee76/psutil-7.1.1-cp36-abi3-manylinux_2_12_x86_64.manylinux2010_x86_64.manylinux_2_17_x86_64.manylinux2014_x86_64.whl", hash = "sha256:92ebc58030fb054fa0f26c3206ef01c31c29d67aee1367e3483c16665c25c8d2", size = 290118, upload-time = "2025-10-19T15:44:11.897Z" },
    { url = "https://files.pythonhosted.org/packages/dc/af/c13d360c0adc6f6218bf9e2873480393d0f729c8dd0507d171f53061c0d3/psutil-7.1.1-cp36-abi3-manylinux_2_17_aarch64.manylinux2014_aarch64.whl", hash = "sha256:146a704f224fb2ded2be3da5ac67fc32b9ea90c45b51676f9114a6ac45616967", size = 292587, upload-time = "2025-10-19T15:44:14.67Z" },
    { url = "https://files.pythonhosted.org/packages/90/2d/c933e7071ba60c7862813f2c7108ec4cf8304f1c79660efeefd0de982258/psutil-7.1.1-cp37-abi3-win32.whl", hash = "sha256:295c4025b5cd880f7445e4379e6826f7307e3d488947bf9834e865e7847dc5f7", size = 243772, upload-time = "2025-10-19T15:44:16.938Z" },
    { url = "https://files.pythonhosted.org/packages/be/f3/11fd213fff15427bc2853552138760c720fd65032d99edfb161910d04127/psutil-7.1.1-cp37-abi3-win_amd64.whl", hash = "sha256:9b4f17c5f65e44f69bd3a3406071a47b79df45cf2236d1f717970afcb526bcd3", size = 246936, upload-time = "2025-10-19T15:44:18.663Z" },
    { url = "https://files.pythonhosted.org/packages/0a/8d/8a9a45c8b655851f216c1d44f68e3533dc8d2c752ccd0f61f1aa73be4893/psutil-7.1.1-cp37-abi3-win_arm64.whl", hash = "sha256:5457cf741ca13da54624126cd5d333871b454ab133999a9a103fb097a7d7d21a", size = 243944, upload-time = "2025-10-19T15:44:20.666Z" },
]

[[package]]
name = "python-xlib"
version = "0.33"
source = { registry = "https://pypi.org/simple" }
dependencies = [
    { name = "six" },
]
sdist = { url = "https://files.pythonhosted.org/packages/86/f5/8c0653e5bb54e0cbdfe27bf32d41f27bc4e12faa8742778c17f2a71be2c0/python-xlib-0.33.tar.gz", hash = "sha256:55af7906a2c75ce6cb280a584776080602444f75815a7aff4d287bb2d7018b32", size = 269068, upload-time = "2022-12-25T18:53:00.824Z" }
wheels = [
    { url = "https://files.pythonhosted.org/packages/fc/b8/ff33610932e0ee81ae7f1269c890f697d56ff74b9f5b2ee5d9b7fa2c5355/python_xlib-0.33-py2.py3-none-any.whl", hash = "sha256:c3534038d42e0df2f1392a1b30a15a4ff5fdc2b86cfa94f072bf11b10a164398", size = 182185, upload-time = "2022-12-25T18:52:58.662Z" },
]

[[package]]
name = "six"
version = "1.17.0"
source = { registry = "https://pypi.org/simple" }
sdist = { url = "https://files.pythonhosted.org/packages/94/e7/b2c673351809dca68a0e064b6af791aa332cf192da575fd474ed7d6f16a2/six-1.17.0.tar.gz", hash = "sha256:ff70335d468e7eb6ec65b95b99d3a2836546063f63acc5171de367e834932a81", size = 34031, upload-time = "2024-12-04T17:35:28.174Z" }
wheels = [
    { url = "https://files.pythonhosted.org/packages/b7/ce/149a00dd41f10bc29e5921b496af8b574d8413afcd5e30dfa0ed46c2cc5e/six-1.17.0-py2.py3-none-any.whl", hash = "sha256:4721f391ed90541fddacab5acf947aa0d3dc7d27b2e1e8eda2be8970586c3274", size = 11050, upload-time = "2024-12-04T17:35:26.475Z" },
]

[[package]]
name = "sway-python-deps"
version = "0.1.0"
source = { virtual = "." }
dependencies = [
    { name = "dbus-fast" },
    { name = "i3ipc" },
    { name = "psutil" },
    { name = "tenacity" },
]

[package.metadata]
requires-dist = [
    { name = "dbus-fast", specifier = ">=2.44.5" },
    { name = "i3ipc", specifier = ">=2.2.1" },
    { name = "psutil", specifier = ">=7.0.0" },
    { name = "tenacity", specifier = ">=9.0.0" },
]

[[package]]
name = "tenacity"
version = "9.1.2"
source = { registry = "https://pypi.org/simple" }
sdist = { url = "https://files.pythonhosted.org/packages/0a/d4/2b0cd0fe285e14b36db076e78c93766ff1d529d70408bd1d2a5a84f1d929/tenacity-9.1.2.tar.gz", hash = "sha256:1169d376c297e7de388d18b4481760d478b0e99a777cad3a9c86e556f4b697cb", size = 48036, upload-time = "2025-04-02T08:25:09.966Z" }
wheels = [
    { url = "https://files.pythonhosted.org/packages/e5/30/643397144bfbfec6f6ef821f36f33e57d35946c44a2352d3c9f0ae847619/tenacity-9.1.2-py3-none-any.whl", hash = "sha256:f77bf36710d8b73a50b2dd155c97b870017ad21afe6ab300326b0371b3b05138", size = 28248, upload-time = "2025-04-02T08:25:07.678Z" },
]
